
Microsoft Visual Studio Solution File, Format Version 12.00
# Visual Studio 2012
Project("{FAE04EC0-301F-11D3-BF4B-00C04F79EFBC}") = "SampleHeartAnimation", "SampleHeartAnimation\SampleHeartAnimation.csproj", "{ADDF6FA7-E545-417F-866A-8D3F96CB6D71}"
EndProject
Global
	GlobalSection(SolutionConfigurationPlatforms) = preSolution
		Debug|iPhoneSimulator = Debug|iPhoneSimulator
		Release|iPhone = Release|iPhone
		Release|iPhoneSimulator = Release|iPhoneSimulator
		Debug|iPhone = Debug|iPhone
	EndGlobalSection
	GlobalSection(ProjectConfigurationPlatforms) = postSolution
		{ADDF6FA7-E545-417F-866A-8D3F96CB6D71}.Debug|iPhoneSimulator.ActiveCfg = Debug|iPhoneSimulator
		{ADDF6FA7-E545-417F-866A-8D3F96CB6D71}.Debug|iPhoneSimulator.Build.0 = Debug|iPhoneSimulator
		{ADDF6FA7-E545-417F-866A-8D3F96CB6D71}.Release|iPhone.ActiveCfg = Release|iPhone
		{ADDF6FA7-E545-417F-866A-8D3F96CB6D71}.Release|iPhone.Build.0 = Release|iPhone
		{ADDF6FA7-E545-417F-866A-8D3F96CB6D71}.Release|iPhoneSimulator.ActiveCfg = Release|iPhoneSimulator
		{ADDF6FA7-E545-417F-866A-8D3F96CB6D71}.Release|iPhoneSimulator.Build.0 = Release|iPhoneSimulator
		{ADDF6FA7-E545-417F-866A-8D3F96CB6D71}.Debug|iPhone.ActiveCfg = Debug|iPhone
		{ADDF6FA7-E545-417F-866A-8D3F96CB6D71}.Debug|iPhone.Build.0 = Debug|iPhone
	EndGlobalSection
EndGlobal
